
Microsoft Visual Studio Solution File, Format Version 12.00
Project("{FAE04EC0-301F-11D3-BF4B-00C04F79EFBC}") = "OggSifter", "OggSifter\OggSifter.csproj", "{86661E81-7A3F-4E2B-9A24-4574AF4DE886}"
EndProject
Global
	GlobalSection(SolutionConfigurationPlatforms) = preSolution
		Debug|Any CPU = Debug|Any CPU
		Release|Any CPU = Release|Any CPU
	EndGlobalSection
	GlobalSection(ProjectConfigurationPlatforms) = postSolution
		{86661E81-7A3F-4E2B-9A24-4574AF4DE886}.Debug|Any CPU.ActiveCfg = Debug|Any CPU
		{86661E81-7A3F-4E2B-9A24-4574AF4DE886}.Debug|Any CPU.Build.0 = Debug|Any CPU
		{86661E81-7A3F-4E2B-9A24-4574AF4DE886}.Release|Any CPU.ActiveCfg = Release|Any CPU
		{86661E81-7A3F-4E2B-9A24-4574AF4DE886}.Release|Any CPU.Build.0 = Release|Any CPU
	EndGlobalSection
EndGlobal
